
Microsoft Visual Studio Solution File, Format Version 12.00
# Visual Studio Version 17
VisualStudioVersion = 17.3.32922.545
MinimumVisualStudioVersion = 10.0.40219.1
Project("{FAE04EC0-301F-11D3-BF4B-00C04F79EFBC}") = "DentalClinic", "DentalClinic.csproj", "{0D3B5C85-C278-49E3-843F-F107962AAE6C}"
EndProject
Global
	GlobalSection(SolutionConfigurationPlatforms) = preSolution
		Debug|Any CPU = Debug|Any CPU
		Release|Any CPU = Release|Any CPU
	EndGlobalSection
	GlobalSection(ProjectConfigurationPlatforms) = postSolution
		{0D3B5C85-C278-49E3-843F-F107962AAE6C}.Debug|Any CPU.ActiveCfg = Debug|Any CPU
		{0D3B5C85-C278-49E3-843F-F107962AAE6C}.Debug|Any CPU.Build.0 = Debug|Any CPU
		{0D3B5C85-C278-49E3-843F-F107962AAE6C}.Release|Any CPU.ActiveCfg = Release|Any CPU
		{0D3B5C85-C278-49E3-843F-F107962AAE6C}.Release|Any CPU.Build.0 = Release|Any CPU
	EndGlobalSection
	GlobalSection(SolutionProperties) = preSolution
		HideSolutionNode = FALSE
	EndGlobalSection
	GlobalSection(ExtensibilityGlobals) = postSolution
		SolutionGuid = {A194AE8C-6317-4393-9827-D2E5A00FAD1A}
	EndGlobalSection
EndGlobal
